
Microsoft Visual Studio Solution File, Format Version 12.00
# Visual Studio Version 16
VisualStudioVersion = 16.0.31624.102
MinimumVisualStudioVersion = 10.0.40219.1
Project("{FAE04EC0-301F-11D3-BF4B-00C04F79EFBC}") = "primeira solucao em asp", "primeira solucao em asp\primeira solucao em asp.csproj", "{5DCF8BD1-6359-4ADF-9ECD-808EAB9F1B73}"
EndProject
Global
	GlobalSection(SolutionConfigurationPlatforms) = preSolution
		Debug|Any CPU = Debug|Any CPU
		Release|Any CPU = Release|Any CPU
	EndGlobalSection
	GlobalSection(ProjectConfigurationPlatforms) = postSolution
		{5DCF8BD1-6359-4ADF-9ECD-808EAB9F1B73}.Debug|Any CPU.ActiveCfg = Debug|Any CPU
		{5DCF8BD1-6359-4ADF-9ECD-808EAB9F1B73}.Debug|Any CPU.Build.0 = Debug|Any CPU
		{5DCF8BD1-6359-4ADF-9ECD-808EAB9F1B73}.Release|Any CPU.ActiveCfg = Release|Any CPU
		{5DCF8BD1-6359-4ADF-9ECD-808EAB9F1B73}.Release|Any CPU.Build.0 = Release|Any CPU
	EndGlobalSection
	GlobalSection(SolutionProperties) = preSolution
		HideSolutionNode = FALSE
	EndGlobalSection
	GlobalSection(ExtensibilityGlobals) = postSolution
		SolutionGuid = {95339B31-69C8-441B-8129-D16F60D50A11}
	EndGlobalSection
EndGlobal
